# This file is automatically @generated by Cargo.
# It is not intended for manual editing.
version = 4

[[package]]
name = "byteorder"
version = "1.5.0"
source = "registry+https://github.com/rust-lang/crates.io-index"
checksum = "1fd0f2584146f6f2ef48085050886acf353beff7305ebd1ae69500e27c67f64b"

[[package]]
name = "pbz-rust-quick-protobuf-bench"
version = "0.0.0"
dependencies = [
 "quick-protobuf",
]

[[package]]
name = "quick-protobuf"
version = "0.8.1"
source = "registry+https://github.com/rust-lang/crates.io-index"
checksum = "9d6da84cc204722a989e01ba2f6e1e276e190f22263d0cb6ce8526fcdb0d2e1f"
dependencies = [
 "byteorder",
]
